
Microsoft Visual Studio Solution File, Format Version 12.00
# Visual Studio Version 17
VisualStudioVersion = 17.9.34723.18
MinimumVisualStudioVersion = 10.0.40219.1
Project("{FAE04EC0-301F-11D3-BF4B-00C04F79EFBC}") = "CREARyESCRIBIRunTxt", "CREARyESCRIBIRunTxt.csproj", "{DA4AE13E-E8CE-4D28-9E71-5BC33E8A9072}"
EndProject
Global
	GlobalSection(SolutionConfigurationPlatforms) = preSolution
		Debug|Any CPU = Debug|Any CPU
		Release|Any CPU = Release|Any CPU
	EndGlobalSection
	GlobalSection(ProjectConfigurationPlatforms) = postSolution
		{DA4AE13E-E8CE-4D28-9E71-5BC33E8A9072}.Debug|Any CPU.ActiveCfg = Debug|Any CPU
		{DA4AE13E-E8CE-4D28-9E71-5BC33E8A9072}.Debug|Any CPU.Build.0 = Debug|Any CPU
		{DA4AE13E-E8CE-4D28-9E71-5BC33E8A9072}.Release|Any CPU.ActiveCfg = Release|Any CPU
		{DA4AE13E-E8CE-4D28-9E71-5BC33E8A9072}.Release|Any CPU.Build.0 = Release|Any CPU
	EndGlobalSection
	GlobalSection(SolutionProperties) = preSolution
		HideSolutionNode = FALSE
	EndGlobalSection
	GlobalSection(ExtensibilityGlobals) = postSolution
		SolutionGuid = {0E0AAFF6-1E3B-4172-8586-41111251CEDC}
	EndGlobalSection
EndGlobal
